
Microsoft Visual Studio Solution File, Format Version 12.00
# Visual Studio 14
VisualStudioVersion = 14.0.25420.1
MinimumVisualStudioVersion = 10.0.40219.1
Project("{2150E333-8FDC-42A3-9474-1A3956D46DE8}") = "Test Services", "Test Services", "{748B6139-CE06-42B4-A72B-AFBB2D7CD3D2}"
EndProject
Project("{2150E333-8FDC-42A3-9474-1A3956D46DE8}") = "Installers", "Installers", "{78156653-36A7-4BE7-A5F5-DF45E450074F}"
EndProject
Project("{2150E333-8FDC-42A3-9474-1A3956D46DE8}") = "Test Utils", "Test Utils", "{346D3311-A956-498F-9A14-4621F8F96EAD}"
EndProject
Project("{FAE04EC0-301F-11D3-BF4B-00C04F79EFBC}") = "EchoService", "Tests\services\EchoService\EchoService.csproj", "{FA7AA868-3F7F-44D4-97FD-477BE370E494}"
EndProject
Project("{FAE04EC0-301F-11D3-BF4B-00C04F79EFBC}") = "HelloWorldASPNET", "Tests\services\HelloWorldASPNET\HelloWorldASPNET.csproj", "{B5EB02DF-708B-4EC2-9189-B260B8A4F74E}"
EndProject
Project("{FAE04EC0-301F-11D3-BF4B-00C04F79EFBC}") = "HelloWorldASPNET2 Required For Test", "Tests\services\HelloWorldASPNET2\HelloWorldASPNET2 Required For Test.csproj", "{40B02429-5E40-4E21-8042-5DAC4D829192}"
EndProject
Project("{FAE04EC0-301F-11D3-BF4B-00C04F79EFBC}") = "HelloWorldASPNETClient", "Tests\services\HelloWorldASPNETClient\HelloWorldASPNETClient.csproj", "{5104A892-1FC8-4BDE-B923-89B610C2DF06}"
EndProject
Project("{FAE04EC0-301F-11D3-BF4B-00C04F79EFBC}") = "HelloWorldESMHttpMod", "Tests\services\HelloWorldESMHttpMod\HelloWorldESMHttpMod.csproj", "{CE6AD502-C1CA-43E5-B86A-DC6CC409D106}"
EndProject
Project("{FAE04EC0-301F-11D3-BF4B-00C04F79EFBC}") = "HelloWorldESMHttpModTester", "Tests\services\HelloWorldESMHttpModTester\HelloWorldESMHttpModTester.csproj", "{BE69A333-BDF6-4BFE-9C3E-8F96495AA35D}"
EndProject
Project("{FAE04EC0-301F-11D3-BF4B-00C04F79EFBC}") = "HelloWorldESMWCF Required for Test", "Tests\services\HelloWorldESMWCF\HelloWorldESMWCF Required for Test.csproj", "{BFB31CC8-0B15-4A0D-A8D2-4896248FD988}"
EndProject
Project("{FAE04EC0-301F-11D3-BF4B-00C04F79EFBC}") = "HelloWorldESMWCF2 Required For Test", "Tests\services\HelloWorldESMWCF2\HelloWorldESMWCF2 Required For Test.csproj", "{9B85B1D2-9970-4714-A9E8-C4681335FFA8}"
EndProject
Project("{FAE04EC0-301F-11D3-BF4B-00C04F79EFBC}") = "HelloWorldESMWCF-Cert", "Tests\services\HelloWorldESMWCF-Cert\HelloWorldESMWCF-Cert.csproj", "{6761CE7E-6E63-4318-B622-5ED1F39EE3A1}"
EndProject
Project("{FAE04EC0-301F-11D3-BF4B-00C04F79EFBC}") = "HelloWorldESMWCF-CertTester", "Tests\services\HelloWorldESMWCF-CertTester\HelloWorldESMWCF-CertTester.csproj", "{832A7974-5352-4D94-A41A-E8651DC552C8}"
EndProject
Project("{FAE04EC0-301F-11D3-BF4B-00C04F79EFBC}") = "HelloWorldESMWCFLoadTester", "Tests\services\HelloWorldESMWCFLoadTester\HelloWorldESMWCFLoadTester.csproj", "{012EB085-D36F-4E49-B943-BA9BCF41F15E}"
EndProject
Project("{FAE04EC0-301F-11D3-BF4B-00C04F79EFBC}") = "HelloWorldESMWCFSigned", "Tests\services\HelloWorldESMWCFSigned\HelloWorldESMWCFSigned.csproj", "{CB0EE78A-FE8C-42E1-8072-F65DF9FD07CF}"
EndProject
Project("{FAE04EC0-301F-11D3-BF4B-00C04F79EFBC}") = "HelloWorldESMWCFSignedTester", "Tests\services\HelloWorldESMWCFSignedTester\HelloWorldESMWCFSignedTester.csproj", "{35C5E72A-7289-4A06-94BA-DA422513DFF3}"
EndProject
Project("{FAE04EC0-301F-11D3-BF4B-00C04F79EFBC}") = "HelloWorldESMWCFSignEncrypt", "Tests\services\HelloWorldESMWCFSignEncrypt\HelloWorldESMWCFSignEncrypt.csproj", "{2FB592FF-912B-4246-9182-1BB96B4659AE}"
EndProject
Project("{FAE04EC0-301F-11D3-BF4B-00C04F79EFBC}") = "HelloWorldESMWCFSignEncryptTester", "Tests\services\HelloWorldESMWCFSignEncryptTester\HelloWorldESMWCFSignEncryptTester.csproj", "{B8C00ADA-96C0-4D47-B6D8-28924B322D37}"
EndProject
Project("{FAE04EC0-301F-11D3-BF4B-00C04F79EFBC}") = "HelloWorldESMWCFTester", "Tests\services\HelloWorldESMWCFTester\HelloWorldESMWCFTester.csproj", "{9E748432-2BEA-43B6-BE15-B179922559D5}"
EndProject
Project("{FAE04EC0-301F-11D3-BF4B-00C04F79EFBC}") = "HelloWorldESMWSE2", "Tests\services\HelloWorldESMWSE2\HelloWorldESMWSE2.csproj", "{F334F377-D604-48CE-8F06-A9CFED86AC16}"
EndProject
Project("{FAE04EC0-301F-11D3-BF4B-00C04F79EFBC}") = "HelloWorldESMWSE2Tester", "Tests\services\HelloWorldESMWSE2Tester\HelloWorldESMWSE2Tester.csproj", "{938859F8-DE6C-4ADA-9A33-1EDC9E84652A}"
EndProject
Project("{FAE04EC0-301F-11D3-BF4B-00C04F79EFBC}") = "HelloWorldESMWSE3", "Tests\services\HelloWorldESMWSE3\HelloWorldESMWSE3.csproj", "{193986B9-4510-49A2-97E8-A42058D0D466}"
EndProject
Project("{FAE04EC0-301F-11D3-BF4B-00C04F79EFBC}") = "HelloWorldESMWSE3Tester", "Tests\services\HelloWorldESMWSE3Tester\HelloWorldESMWSE3Tester.csproj", "{EC955942-B3B1-48DD-A75B-1D8B7664F390}"
EndProject
Project("{FAE04EC0-301F-11D3-BF4B-00C04F79EFBC}") = "HelloWorldOneWayClient", "Tests\services\HelloWorldOneWayClient\HelloWorldOneWayClient.csproj", "{60FA1914-BA23-47FA-A823-684BD0BD628F}"
EndProject
Project("{FAE04EC0-301F-11D3-BF4B-00C04F79EFBC}") = "HelloWorldOneWayService", "Tests\services\HelloWorldOneWayService\HelloWorldOneWayService.csproj", "{FF92A485-20AD-4A3F-AD40-7167FE5551B0}"
EndProject
Project("{54435603-DBB4-11D2-8724-00A0C9A8B90C}") = "MSIInstaller", "MSIInstaller\MSIInstaller.vdproj", "{EEA53790-7A3B-4513-BB7E-8518A2B966EF}"
EndProject
Project("{FAE04EC0-301F-11D3-BF4B-00C04F79EFBC}") = "OSDetector", "OSDetector\OSDetector.csproj", "{5E907F88-8998-4773-AB69-00A5191C0093}"
EndProject
Project("{FAE04EC0-301F-11D3-BF4B-00C04F79EFBC}") = "BusyApp", "Tests\BusyApp\BusyApp.csproj", "{3E10427F-35F4-4D6A-995E-38D08F0C1C4A}"
EndProject
Project("{FAE04EC0-301F-11D3-BF4B-00C04F79EFBC}") = "FGSMS.NETTestSuite", "Tests\FGSMS.TestSuite\FGSMS.NETTestSuite.csproj", "{D9938532-51B1-4345-8053-4943A0D462B3}"
EndProject
Project("{FAE04EC0-301F-11D3-BF4B-00C04F79EFBC}") = "FGSMS.NETTestSuite2", "Tests\FGSMS.TestSuite2\FGSMS.NETTestSuite2.csproj", "{761ED029-B6E1-4639-9CBE-CAB8B1DBD71A}"
EndProject
Project("{FAE04EC0-301F-11D3-BF4B-00C04F79EFBC}") = "WebServiceTestBedCMD", "Tests\WebServiceTestBedCMD\WebServiceTestBedCMD.csproj", "{D02FAF83-D503-415F-8839-DA441856B67B}"
EndProject
Project("{FAE04EC0-301F-11D3-BF4B-00C04F79EFBC}") = "WebServiceTestBed", "Tests\WebServiceTestBed\WebServiceTestBed.csproj", "{E6035359-982B-4104-989C-5BEBC150B0FD}"
	ProjectSection(ProjectDependencies) = postProject
		{BFB31CC8-0B15-4A0D-A8D2-4896248FD988} = {BFB31CC8-0B15-4A0D-A8D2-4896248FD988}
		{9B85B1D2-9970-4714-A9E8-C4681335FFA8} = {9B85B1D2-9970-4714-A9E8-C4681335FFA8}
	EndProjectSection
EndProject
Project("{FAE04EC0-301F-11D3-BF4B-00C04F79EFBC}") = "MessageDecryptor", "MessageDecryptor\MessageDecryptor.csproj", "{9181C1ED-9F9C-467A-A6A2-5A6687B369AE}"
EndProject
Project("{FAE04EC0-301F-11D3-BF4B-00C04F79EFBC}") = "FGSMS.NETAgent", "FGSMS.NETAgent\FGSMS.NETAgent.csproj", "{D4F9F453-6A57-49D8-9C43-6A0405E8FD9E}"
EndProject
Project("{FAE04EC0-301F-11D3-BF4B-00C04F79EFBC}") = "FGSMS.Util", "FGSMS.Util\FGSMS.Util.csproj", "{EC13B7A2-459F-4FB1-B5EC-B83A5FF43F3A}"
EndProject
Project("{FAE04EC0-301F-11D3-BF4B-00C04F79EFBC}") = "FGSMSrayIcon", "FGSMSTrayIcon\FGSMSrayIcon.csproj", "{CF8EB158-6F16-4B53-AAF9-65DE305ECD99}"
EndProject
Project("{FAE04EC0-301F-11D3-BF4B-00C04F79EFBC}") = "FGSMS.Tools.AgentConfig", "FGSMS.Tools.AgentConfig\FGSMS.Tools.AgentConfig.csproj", "{812DEA12-0C48-445F-867A-FEA9FD9B49F0}"
EndProject
Project("{FAE04EC0-301F-11D3-BF4B-00C04F79EFBC}") = "FGSMS.WebParts", "FGSMS.WebParts\FGSMS.WebParts\FGSMS.WebParts.csproj", "{3A524BC4-3208-4B32-85ED-9B3D44B14012}"
EndProject
Project("{FAE04EC0-301F-11D3-BF4B-00C04F79EFBC}") = "WcfChain", "Tests\WcfChain\WcfChain.csproj", "{949E75D0-5383-4FD2-BA82-572FDC47AF9F}"
	ProjectSection(ProjectDependencies) = postProject
		{B711A6C8-F9B7-47D2-A1A4-1E981C220DC1} = {B711A6C8-F9B7-47D2-A1A4-1E981C220DC1}
	EndProjectSection
EndProject
Project("{FAE04EC0-301F-11D3-BF4B-00C04F79EFBC}") = "WcfService1", "Tests\WcfService1\WcfService1.csproj", "{B711A6C8-F9B7-47D2-A1A4-1E981C220DC1}"
EndProject
Project("{FAE04EC0-301F-11D3-BF4B-00C04F79EFBC}") = "FGSMS.PersistentStorageAgent", "FGSMS.PersistentStorageAgent\FGSMS.PersistentStorageAgent.csproj", "{8E6A192E-83BE-4B30-A7EB-92DA954163E1}"
EndProject
Project("{FAE04EC0-301F-11D3-BF4B-00C04F79EFBC}") = "FGSMS.Installer", "FGSMS.Installer\FGSMS.Installer.csproj", "{17390361-4C0A-4FCF-9965-ECC0952E2A5C}"
EndProject
Global
	GlobalSection(SolutionConfigurationPlatforms) = preSolution
		Debug|Any CPU = Debug|Any CPU
		Debug|Mixed Platforms = Debug|Mixed Platforms
		Debug|x86 = Debug|x86
		Release|Any CPU = Release|Any CPU
		Release|Mixed Platforms = Release|Mixed Platforms
		Release|x86 = Release|x86
	EndGlobalSection
	GlobalSection(ProjectConfigurationPlatforms) = postSolution
		{FA7AA868-3F7F-44D4-97FD-477BE370E494}.Debug|Any CPU.ActiveCfg = Debug|Any CPU
		{FA7AA868-3F7F-44D4-97FD-477BE370E494}.Debug|Any CPU.Build.0 = Debug|Any CPU
		{FA7AA868-3F7F-44D4-97FD-477BE370E494}.Debug|Mixed Platforms.ActiveCfg = Debug|Any CPU
		{FA7AA868-3F7F-44D4-97FD-477BE370E494}.Debug|Mixed Platforms.Build.0 = Debug|Any CPU
		{FA7AA868-3F7F-44D4-97FD-477BE370E494}.Debug|x86.ActiveCfg = Debug|Any CPU
		{FA7AA868-3F7F-44D4-97FD-477BE370E494}.Debug|x86.Build.0 = Debug|Any CPU
		{FA7AA868-3F7F-44D4-97FD-477BE370E494}.Release|Any CPU.ActiveCfg = Release|Any CPU
		{FA7AA868-3F7F-44D4-97FD-477BE370E494}.Release|Any CPU.Build.0 = Release|Any CPU
		{FA7AA868-3F7F-44D4-97FD-477BE370E494}.Release|Mixed Platforms.ActiveCfg = Release|Any CPU
		{FA7AA868-3F7F-44D4-97FD-477BE370E494}.Release|Mixed Platforms.Build.0 = Release|Any CPU
		{FA7AA868-3F7F-44D4-97FD-477BE370E494}.Release|x86.ActiveCfg = Release|Any CPU
		{FA7AA868-3F7F-44D4-97FD-477BE370E494}.Release|x86.Build.0 = Release|Any CPU
		{B5EB02DF-708B-4EC2-9189-B260B8A4F74E}.Debug|Any CPU.ActiveCfg = Debug|Any CPU
		{B5EB02DF-708B-4EC2-9189-B260B8A4F74E}.Debug|Any CPU.Build.0 = Debug|Any CPU
		{B5EB02DF-708B-4EC2-9189-B260B8A4F74E}.Debug|Mixed Platforms.ActiveCfg = Debug|Any CPU
		{B5EB02DF-708B-4EC2-9189-B260B8A4F74E}.Debug|Mixed Platforms.Build.0 = Debug|Any CPU
		{B5EB02DF-708B-4EC2-9189-B260B8A4F74E}.Debug|x86.ActiveCfg = Debug|Any CPU
		{B5EB02DF-708B-4EC2-9189-B260B8A4F74E}.Debug|x86.Build.0 = Debug|Any CPU
		{B5EB02DF-708B-4EC2-9189-B260B8A4F74E}.Release|Any CPU.ActiveCfg = Release|Any CPU
		{B5EB02DF-708B-4EC2-9189-B260B8A4F74E}.Release|Any CPU.Build.0 = Release|Any CPU
		{B5EB02DF-708B-4EC2-9189-B260B8A4F74E}.Release|Mixed Platforms.ActiveCfg = Release|Any CPU
		{B5EB02DF-708B-4EC2-9189-B260B8A4F74E}.Release|Mixed Platforms.Build.0 = Release|Any CPU
		{B5EB02DF-708B-4EC2-9189-B260B8A4F74E}.Release|x86.ActiveCfg = Release|Any CPU
		{B5EB02DF-708B-4EC2-9189-B260B8A4F74E}.Release|x86.Build.0 = Release|Any CPU
		{40B02429-5E40-4E21-8042-5DAC4D829192}.Debug|Any CPU.ActiveCfg = Debug|Any CPU
		{40B02429-5E40-4E21-8042-5DAC4D829192}.Debug|Any CPU.Build.0 = Debug|Any CPU
		{40B02429-5E40-4E21-8042-5DAC4D829192}.Debug|Mixed Platforms.ActiveCfg = Debug|Any CPU
		{40B02429-5E40-4E21-8042-5DAC4D829192}.Debug|Mixed Platforms.Build.0 = Debug|Any CPU
		{40B02429-5E40-4E21-8042-5DAC4D829192}.Debug|x86.ActiveCfg = Debug|Any CPU
		{40B02429-5E40-4E21-8042-5DAC4D829192}.Debug|x86.Build.0 = Debug|Any CPU
		{40B02429-5E40-4E21-8042-5DAC4D829192}.Release|Any CPU.ActiveCfg = Release|Any CPU
		{40B02429-5E40-4E21-8042-5DAC4D829192}.Release|Any CPU.Build.0 = Release|Any CPU
		{40B02429-5E40-4E21-8042-5DAC4D829192}.Release|Mixed Platforms.ActiveCfg = Release|Any CPU
		{40B02429-5E40-4E21-8042-5DAC4D829192}.Release|Mixed Platforms.Build.0 = Release|Any CPU
		{40B02429-5E40-4E21-8042-5DAC4D829192}.Release|x86.ActiveCfg = Release|Any CPU
		{40B02429-5E40-4E21-8042-5DAC4D829192}.Release|x86.Build.0 = Release|Any CPU
		{5104A892-1FC8-4BDE-B923-89B610C2DF06}.Debug|Any CPU.ActiveCfg = Debug|Any CPU
		{5104A892-1FC8-4BDE-B923-89B610C2DF06}.Debug|Any CPU.Build.0 = Debug|Any CPU
		{5104A892-1FC8-4BDE-B923-89B610C2DF06}.Debug|Mixed Platforms.ActiveCfg = Debug|Any CPU
		{5104A892-1FC8-4BDE-B923-89B610C2DF06}.Debug|Mixed Platforms.Build.0 = Debug|Any CPU
		{5104A892-1FC8-4BDE-B923-89B610C2DF06}.Debug|x86.ActiveCfg = Debug|Any CPU
		{5104A892-1FC8-4BDE-B923-89B610C2DF06}.Debug|x86.Build.0 = Debug|Any CPU
		{5104A892-1FC8-4BDE-B923-89B610C2DF06}.Release|Any CPU.ActiveCfg = Release|Any CPU
		{5104A892-1FC8-4BDE-B923-89B610C2DF06}.Release|Any CPU.Build.0 = Release|Any CPU
		{5104A892-1FC8-4BDE-B923-89B610C2DF06}.Release|Mixed Platforms.ActiveCfg = Release|Any CPU
		{5104A892-1FC8-4BDE-B923-89B610C2DF06}.Release|Mixed Platforms.Build.0 = Release|Any CPU
		{5104A892-1FC8-4BDE-B923-89B610C2DF06}.Release|x86.ActiveCfg = Release|Any CPU
		{5104A892-1FC8-4BDE-B923-89B610C2DF06}.Release|x86.Build.0 = Release|Any CPU
		{CE6AD502-C1CA-43E5-B86A-DC6CC409D106}.Debug|Any CPU.ActiveCfg = Debug|Any CPU
		{CE6AD502-C1CA-43E5-B86A-DC6CC409D106}.Debug|Any CPU.Build.0 = Debug|Any CPU
		{CE6AD502-C1CA-43E5-B86A-DC6CC409D106}.Debug|Mixed Platforms.ActiveCfg = Debug|Any CPU
		{CE6AD502-C1CA-43E5-B86A-DC6CC409D106}.Debug|Mixed Platforms.Build.0 = Debug|Any CPU
		{CE6AD502-C1CA-43E5-B86A-DC6CC409D106}.Debug|x86.ActiveCfg = Debug|Any CPU
		{CE6AD502-C1CA-43E5-B86A-DC6CC409D106}.Debug|x86.Build.0 = Debug|Any CPU
		{CE6AD502-C1CA-43E5-B86A-DC6CC409D106}.Release|Any CPU.ActiveCfg = Release|Any CPU
		{CE6AD502-C1CA-43E5-B86A-DC6CC409D106}.Release|Any CPU.Build.0 = Release|Any CPU
		{CE6AD502-C1CA-43E5-B86A-DC6CC409D106}.Release|Mixed Platforms.ActiveCfg = Release|Any CPU
		{CE6AD502-C1CA-43E5-B86A-DC6CC409D106}.Release|Mixed Platforms.Build.0 = Release|Any CPU
		{CE6AD502-C1CA-43E5-B86A-DC6CC409D106}.Release|x86.ActiveCfg = Release|Any CPU
		{CE6AD502-C1CA-43E5-B86A-DC6CC409D106}.Release|x86.Build.0 = Release|Any CPU
		{BE69A333-BDF6-4BFE-9C3E-8F96495AA35D}.Debug|Any CPU.ActiveCfg = Debug|Any CPU
		{BE69A333-BDF6-4BFE-9C3E-8F96495AA35D}.Debug|Any CPU.Build.0 = Debug|Any CPU
		{BE69A333-BDF6-4BFE-9C3E-8F96495AA35D}.Debug|Mixed Platforms.ActiveCfg = Debug|Any CPU
		{BE69A333-BDF6-4BFE-9C3E-8F96495AA35D}.Debug|Mixed Platforms.Build.0 = Debug|Any CPU
		{BE69A333-BDF6-4BFE-9C3E-8F96495AA35D}.Debug|x86.ActiveCfg = Debug|Any CPU
		{BE69A333-BDF6-4BFE-9C3E-8F96495AA35D}.Debug|x86.Build.0 = Debug|Any CPU
		{BE69A333-BDF6-4BFE-9C3E-8F96495AA35D}.Release|Any CPU.ActiveCfg = Release|Any CPU
		{BE69A333-BDF6-4BFE-9C3E-8F96495AA35D}.Release|Any CPU.Build.0 = Release|Any CPU
		{BE69A333-BDF6-4BFE-9C3E-8F96495AA35D}.Release|Mixed Platforms.ActiveCfg = Release|Any CPU
		{BE69A333-BDF6-4BFE-9C3E-8F96495AA35D}.Release|Mixed Platforms.Build.0 = Release|Any CPU
		{BE69A333-BDF6-4BFE-9C3E-8F96495AA35D}.Release|x86.ActiveCfg = Release|Any CPU
		{BE69A333-BDF6-4BFE-9C3E-8F96495AA35D}.Release|x86.Build.0 = Release|Any CPU
		{BFB31CC8-0B15-4A0D-A8D2-4896248FD988}.Debug|Any CPU.ActiveCfg = Debug|Any CPU
		{BFB31CC8-0B15-4A0D-A8D2-4896248FD988}.Debug|Any CPU.Build.0 = Debug|Any CPU
		{BFB31CC8-0B15-4A0D-A8D2-4896248FD988}.Debug|Mixed Platforms.ActiveCfg = Debug|Any CPU
		{BFB31CC8-0B15-4A0D-A8D2-4896248FD988}.Debug|Mixed Platforms.Build.0 = Debug|Any CPU
		{BFB31CC8-0B15-4A0D-A8D2-4896248FD988}.Debug|x86.ActiveCfg = Debug|Any CPU
		{BFB31CC8-0B15-4A0D-A8D2-4896248FD988}.Debug|x86.Build.0 = Debug|Any CPU
		{BFB31CC8-0B15-4A0D-A8D2-4896248FD988}.Release|Any CPU.ActiveCfg = Release|Any CPU
		{BFB31CC8-0B15-4A0D-A8D2-4896248FD988}.Release|Any CPU.Build.0 = Release|Any CPU
		{BFB31CC8-0B15-4A0D-A8D2-4896248FD988}.Release|Mixed Platforms.ActiveCfg = Release|Any CPU
		{BFB31CC8-0B15-4A0D-A8D2-4896248FD988}.Release|Mixed Platforms.Build.0 = Release|Any CPU
		{BFB31CC8-0B15-4A0D-A8D2-4896248FD988}.Release|x86.ActiveCfg = Release|Any CPU
		{BFB31CC8-0B15-4A0D-A8D2-4896248FD988}.Release|x86.Build.0 = Release|Any CPU
		{9B85B1D2-9970-4714-A9E8-C4681335FFA8}.Debug|Any CPU.ActiveCfg = Debug|Any CPU
		{9B85B1D2-9970-4714-A9E8-C4681335FFA8}.Debug|Any CPU.Build.0 = Debug|Any CPU
		{9B85B1D2-9970-4714-A9E8-C4681335FFA8}.Debug|Mixed Platforms.ActiveCfg = Debug|Any CPU
		{9B85B1D2-9970-4714-A9E8-C4681335FFA8}.Debug|Mixed Platforms.Build.0 = Debug|Any CPU
		{9B85B1D2-9970-4714-A9E8-C4681335FFA8}.Debug|x86.ActiveCfg = Debug|Any CPU
		{9B85B1D2-9970-4714-A9E8-C4681335FFA8}.Debug|x86.Build.0 = Debug|Any CPU
		{9B85B1D2-9970-4714-A9E8-C4681335FFA8}.Release|Any CPU.ActiveCfg = Release|Any CPU
		{9B85B1D2-9970-4714-A9E8-C4681335FFA8}.Release|Any CPU.Build.0 = Release|Any CPU
		{9B85B1D2-9970-4714-A9E8-C4681335FFA8}.Release|Mixed Platforms.ActiveCfg = Release|Any CPU
		{9B85B1D2-9970-4714-A9E8-C4681335FFA8}.Release|Mixed Platforms.Build.0 = Release|Any CPU
		{9B85B1D2-9970-4714-A9E8-C4681335FFA8}.Release|x86.ActiveCfg = Release|Any CPU
		{9B85B1D2-9970-4714-A9E8-C4681335FFA8}.Release|x86.Build.0 = Release|Any CPU
		{6761CE7E-6E63-4318-B622-5ED1F39EE3A1}.Debug|Any CPU.ActiveCfg = Debug|Any CPU
		{6761CE7E-6E63-4318-B622-5ED1F39EE3A1}.Debug|Any CPU.Build.0 = Debug|Any CPU
		{6761CE7E-6E63-4318-B622-5ED1F39EE3A1}.Debug|Mixed Platforms.ActiveCfg = Debug|Any CPU
		{6761CE7E-6E63-4318-B622-5ED1F39EE3A1}.Debug|Mixed Platforms.Build.0 = Debug|Any CPU
		{6761CE7E-6E63-4318-B622-5ED1F39EE3A1}.Debug|x86.ActiveCfg = Debug|Any CPU
		{6761CE7E-6E63-4318-B622-5ED1F39EE3A1}.Debug|x86.Build.0 = Debug|Any CPU
		{6761CE7E-6E63-4318-B622-5ED1F39EE3A1}.Release|Any CPU.ActiveCfg = Release|Any CPU
		{6761CE7E-6E63-4318-B622-5ED1F39EE3A1}.Release|Any CPU.Build.0 = Release|Any CPU
		{6761CE7E-6E63-4318-B622-5ED1F39EE3A1}.Release|Mixed Platforms.ActiveCfg = Release|Any CPU
		{6761CE7E-6E63-4318-B622-5ED1F39EE3A1}.Release|Mixed Platforms.Build.0 = Release|Any CPU
		{6761CE7E-6E63-4318-B622-5ED1F39EE3A1}.Release|x86.ActiveCfg = Release|Any CPU
		{6761CE7E-6E63-4318-B622-5ED1F39EE3A1}.Release|x86.Build.0 = Release|Any CPU
		{832A7974-5352-4D94-A41A-E8651DC552C8}.Debug|Any CPU.ActiveCfg = Debug|Any CPU
		{832A7974-5352-4D94-A41A-E8651DC552C8}.Debug|Any CPU.Build.0 = Debug|Any CPU
		{832A7974-5352-4D94-A41A-E8651DC552C8}.Debug|Mixed Platforms.ActiveCfg = Debug|Any CPU
		{832A7974-5352-4D94-A41A-E8651DC552C8}.Debug|Mixed Platforms.Build.0 = Debug|Any CPU
		{832A7974-5352-4D94-A41A-E8651DC552C8}.Debug|x86.ActiveCfg = Debug|Any CPU
		{832A7974-5352-4D94-A41A-E8651DC552C8}.Debug|x86.Build.0 = Debug|Any CPU
		{832A7974-5352-4D94-A41A-E8651DC552C8}.Release|Any CPU.ActiveCfg = Release|Any CPU
		{832A7974-5352-4D94-A41A-E8651DC552C8}.Release|Any CPU.Build.0 = Release|Any CPU
		{832A7974-5352-4D94-A41A-E8651DC552C8}.Release|Mixed Platforms.ActiveCfg = Release|Any CPU
		{832A7974-5352-4D94-A41A-E8651DC552C8}.Release|Mixed Platforms.Build.0 = Release|Any CPU
		{832A7974-5352-4D94-A41A-E8651DC552C8}.Release|x86.ActiveCfg = Release|Any CPU
		{832A7974-5352-4D94-A41A-E8651DC552C8}.Release|x86.Build.0 = Release|Any CPU
		{012EB085-D36F-4E49-B943-BA9BCF41F15E}.Debug|Any CPU.ActiveCfg = Debug|Any CPU
		{012EB085-D36F-4E49-B943-BA9BCF41F15E}.Debug|Any CPU.Build.0 = Debug|Any CPU
		{012EB085-D36F-4E49-B943-BA9BCF41F15E}.Debug|Mixed Platforms.ActiveCfg = Debug|Any CPU
		{012EB085-D36F-4E49-B943-BA9BCF41F15E}.Debug|Mixed Platforms.Build.0 = Debug|Any CPU
		{012EB085-D36F-4E49-B943-BA9BCF41F15E}.Debug|x86.ActiveCfg = Debug|Any CPU
		{012EB085-D36F-4E49-B943-BA9BCF41F15E}.Debug|x86.Build.0 = Debug|Any CPU
		{012EB085-D36F-4E49-B943-BA9BCF41F15E}.Release|Any CPU.ActiveCfg = Release|Any CPU
		{012EB085-D36F-4E49-B943-BA9BCF41F15E}.Release|Any CPU.Build.0 = Release|Any CPU
		{012EB085-D36F-4E49-B943-BA9BCF41F15E}.Release|Mixed Platforms.ActiveCfg = Release|Any CPU
		{012EB085-D36F-4E49-B943-BA9BCF41F15E}.Release|Mixed Platforms.Build.0 = Release|Any CPU
		{012EB085-D36F-4E49-B943-BA9BCF41F15E}.Release|x86.ActiveCfg = Release|Any CPU
		{012EB085-D36F-4E49-B943-BA9BCF41F15E}.Release|x86.Build.0 = Release|Any CPU
		{CB0EE78A-FE8C-42E1-8072-F65DF9FD07CF}.Debug|Any CPU.ActiveCfg = Debug|Any CPU
		{CB0EE78A-FE8C-42E1-8072-F65DF9FD07CF}.Debug|Any CPU.Build.0 = Debug|Any CPU
		{CB0EE78A-FE8C-42E1-8072-F65DF9FD07CF}.Debug|Mixed Platforms.ActiveCfg = Debug|Any CPU
		{CB0EE78A-FE8C-42E1-8072-F65DF9FD07CF}.Debug|Mixed Platforms.Build.0 = Debug|Any CPU
		{CB0EE78A-FE8C-42E1-8072-F65DF9FD07CF}.Debug|x86.ActiveCfg = Debug|Any CPU
		{CB0EE78A-FE8C-42E1-8072-F65DF9FD07CF}.Debug|x86.Build.0 = Debug|Any CPU
		{CB0EE78A-FE8C-42E1-8072-F65DF9FD07CF}.Release|Any CPU.ActiveCfg = Release|Any CPU
		{CB0EE78A-FE8C-42E1-8072-F65DF9FD07CF}.Release|Any CPU.Build.0 = Release|Any CPU
		{CB0EE78A-FE8C-42E1-8072-F65DF9FD07CF}.Release|Mixed Platforms.ActiveCfg = Release|Any CPU
		{CB0EE78A-FE8C-42E1-8072-F65DF9FD07CF}.Release|Mixed Platforms.Build.0 = Release|Any CPU
		{CB0EE78A-FE8C-42E1-8072-F65DF9FD07CF}.Release|x86.ActiveCfg = Release|Any CPU
		{CB0EE78A-FE8C-42E1-8072-F65DF9FD07CF}.Release|x86.Build.0 = Release|Any CPU
		{35C5E72A-7289-4A06-94BA-DA422513DFF3}.Debug|Any CPU.ActiveCfg = Debug|Any CPU
		{35C5E72A-7289-4A06-94BA-DA422513DFF3}.Debug|Any CPU.Build.0 = Debug|Any CPU
		{35C5E72A-7289-4A06-94BA-DA422513DFF3}.Debug|Mixed Platforms.ActiveCfg = Debug|Any CPU
		{35C5E72A-7289-4A06-94BA-DA422513DFF3}.Debug|Mixed Platforms.Build.0 = Debug|Any CPU
		{35C5E72A-7289-4A06-94BA-DA422513DFF3}.Debug|x86.ActiveCfg = Debug|Any CPU
		{35C5E72A-7289-4A06-94BA-DA422513DFF3}.Debug|x86.Build.0 = Debug|Any CPU
		{35C5E72A-7289-4A06-94BA-DA422513DFF3}.Release|Any CPU.ActiveCfg = Release|Any CPU
		{35C5E72A-7289-4A06-94BA-DA422513DFF3}.Release|Any CPU.Build.0 = Release|Any CPU
		{35C5E72A-7289-4A06-94BA-DA422513DFF3}.Release|Mixed Platforms.ActiveCfg = Release|Any CPU
		{35C5E72A-7289-4A06-94BA-DA422513DFF3}.Release|Mixed Platforms.Build.0 = Release|Any CPU
		{35C5E72A-7289-4A06-94BA-DA422513DFF3}.Release|x86.ActiveCfg = Release|Any CPU
		{35C5E72A-7289-4A06-94BA-DA422513DFF3}.Release|x86.Build.0 = Release|Any CPU
		{2FB592FF-912B-4246-9182-1BB96B4659AE}.Debug|Any CPU.ActiveCfg = Debug|Any CPU
		{2FB592FF-912B-4246-9182-1BB96B4659AE}.Debug|Any CPU.Build.0 = Debug|Any CPU
		{2FB592FF-912B-4246-9182-1BB96B4659AE}.Debug|Mixed Platforms.ActiveCfg = Debug|Any CPU
		{2FB592FF-912B-4246-9182-1BB96B4659AE}.Debug|Mixed Platforms.Build.0 = Debug|Any CPU
		{2FB592FF-912B-4246-9182-1BB96B4659AE}.Debug|x86.ActiveCfg = Debug|Any CPU
		{2FB592FF-912B-4246-9182-1BB96B4659AE}.Debug|x86.Build.0 = Debug|Any CPU
		{2FB592FF-912B-4246-9182-1BB96B4659AE}.Release|Any CPU.ActiveCfg = Release|Any CPU
		{2FB592FF-912B-4246-9182-1BB96B4659AE}.Release|Any CPU.Build.0 = Release|Any CPU
		{2FB592FF-912B-4246-9182-1BB96B4659AE}.Release|Mixed Platforms.ActiveCfg = Release|Any CPU
		{2FB592FF-912B-4246-9182-1BB96B4659AE}.Release|Mixed Platforms.Build.0 = Release|Any CPU
		{2FB592FF-912B-4246-9182-1BB96B4659AE}.Release|x86.ActiveCfg = Release|Any CPU
		{2FB592FF-912B-4246-9182-1BB96B4659AE}.Release|x86.Build.0 = Release|Any CPU
		{B8C00ADA-96C0-4D47-B6D8-28924B322D37}.Debug|Any CPU.ActiveCfg = Debug|Any CPU
		{B8C00ADA-96C0-4D47-B6D8-28924B322D37}.Debug|Any CPU.Build.0 = Debug|Any CPU
		{B8C00ADA-96C0-4D47-B6D8-28924B322D37}.Debug|Mixed Platforms.ActiveCfg = Debug|Any CPU
		{B8C00ADA-96C0-4D47-B6D8-28924B322D37}.Debug|Mixed Platforms.Build.0 = Debug|Any CPU
		{B8C00ADA-96C0-4D47-B6D8-28924B322D37}.Debug|x86.ActiveCfg = Debug|Any CPU
		{B8C00ADA-96C0-4D47-B6D8-28924B322D37}.Debug|x86.Build.0 = Debug|Any CPU
		{B8C00ADA-96C0-4D47-B6D8-28924B322D37}.Release|Any CPU.ActiveCfg = Release|Any CPU
		{B8C00ADA-96C0-4D47-B6D8-28924B322D37}.Release|Any CPU.Build.0 = Release|Any CPU
		{B8C00ADA-96C0-4D47-B6D8-28924B322D37}.Release|Mixed Platforms.ActiveCfg = Release|Any CPU
		{B8C00ADA-96C0-4D47-B6D8-28924B322D37}.Release|Mixed Platforms.Build.0 = Release|Any CPU
		{B8C00ADA-96C0-4D47-B6D8-28924B322D37}.Release|x86.ActiveCfg = Release|Any CPU
		{B8C00ADA-96C0-4D47-B6D8-28924B322D37}.Release|x86.Build.0 = Release|Any CPU
		{9E748432-2BEA-43B6-BE15-B179922559D5}.Debug|Any CPU.ActiveCfg = Debug|Any CPU
		{9E748432-2BEA-43B6-BE15-B179922559D5}.Debug|Any CPU.Build.0 = Debug|Any CPU
		{9E748432-2BEA-43B6-BE15-B179922559D5}.Debug|Mixed Platforms.ActiveCfg = Debug|Any CPU
		{9E748432-2BEA-43B6-BE15-B179922559D5}.Debug|Mixed Platforms.Build.0 = Debug|Any CPU
		{9E748432-2BEA-43B6-BE15-B179922559D5}.Debug|x86.ActiveCfg = Debug|Any CPU
		{9E748432-2BEA-43B6-BE15-B179922559D5}.Debug|x86.Build.0 = Debug|Any CPU
		{9E748432-2BEA-43B6-BE15-B179922559D5}.Release|Any CPU.ActiveCfg = Release|Any CPU
		{9E748432-2BEA-43B6-BE15-B179922559D5}.Release|Any CPU.Build.0 = Release|Any CPU
		{9E748432-2BEA-43B6-BE15-B179922559D5}.Release|Mixed Platforms.ActiveCfg = Release|Any CPU
		{9E748432-2BEA-43B6-BE15-B179922559D5}.Release|Mixed Platforms.Build.0 = Release|Any CPU
		{9E748432-2BEA-43B6-BE15-B179922559D5}.Release|x86.ActiveCfg = Release|Any CPU
		{9E748432-2BEA-43B6-BE15-B179922559D5}.Release|x86.Build.0 = Release|Any CPU
		{F334F377-D604-48CE-8F06-A9CFED86AC16}.Debug|Any CPU.ActiveCfg = Debug|Any CPU
		{F334F377-D604-48CE-8F06-A9CFED86AC16}.Debug|Any CPU.Build.0 = Debug|Any CPU
		{F334F377-D604-48CE-8F06-A9CFED86AC16}.Debug|Mixed Platforms.ActiveCfg = Debug|Any CPU
		{F334F377-D604-48CE-8F06-A9CFED86AC16}.Debug|Mixed Platforms.Build.0 = Debug|Any CPU
		{F334F377-D604-48CE-8F06-A9CFED86AC16}.Debug|x86.ActiveCfg = Debug|Any CPU
		{F334F377-D604-48CE-8F06-A9CFED86AC16}.Debug|x86.Build.0 = Debug|Any CPU
		{F334F377-D604-48CE-8F06-A9CFED86AC16}.Release|Any CPU.ActiveCfg = Release|Any CPU
		{F334F377-D604-48CE-8F06-A9CFED86AC16}.Release|Any CPU.Build.0 = Release|Any CPU
		{F334F377-D604-48CE-8F06-A9CFED86AC16}.Release|Mixed Platforms.ActiveCfg = Release|Any CPU
		{F334F377-D604-48CE-8F06-A9CFED86AC16}.Release|Mixed Platforms.Build.0 = Release|Any CPU
		{F334F377-D604-48CE-8F06-A9CFED86AC16}.Release|x86.ActiveCfg = Release|Any CPU
		{F334F377-D604-48CE-8F06-A9CFED86AC16}.Release|x86.Build.0 = Release|Any CPU
		{938859F8-DE6C-4ADA-9A33-1EDC9E84652A}.Debug|Any CPU.ActiveCfg = Debug|Any CPU
		{938859F8-DE6C-4ADA-9A33-1EDC9E84652A}.Debug|Any CPU.Build.0 = Debug|Any CPU
		{938859F8-DE6C-4ADA-9A33-1EDC9E84652A}.Debug|Mixed Platforms.ActiveCfg = Debug|Any CPU
		{938859F8-DE6C-4ADA-9A33-1EDC9E84652A}.Debug|Mixed Platforms.Build.0 = Debug|Any CPU
		{938859F8-DE6C-4ADA-9A33-1EDC9E84652A}.Debug|x86.ActiveCfg = Debug|Any CPU
		{938859F8-DE6C-4ADA-9A33-1EDC9E84652A}.Debug|x86.Build.0 = Debug|Any CPU
		{938859F8-DE6C-4ADA-9A33-1EDC9E84652A}.Release|Any CPU.ActiveCfg = Release|Any CPU
		{938859F8-DE6C-4ADA-9A33-1EDC9E84652A}.Release|Any CPU.Build.0 = Release|Any CPU
		{938859F8-DE6C-4ADA-9A33-1EDC9E84652A}.Release|Mixed Platforms.ActiveCfg = Release|Any CPU
		{938859F8-DE6C-4ADA-9A33-1EDC9E84652A}.Release|Mixed Platforms.Build.0 = Release|Any CPU
		{938859F8-DE6C-4ADA-9A33-1EDC9E84652A}.Release|x86.ActiveCfg = Release|Any CPU
		{938859F8-DE6C-4ADA-9A33-1EDC9E84652A}.Release|x86.Build.0 = Release|Any CPU
		{193986B9-4510-49A2-97E8-A42058D0D466}.Debug|Any CPU.ActiveCfg = Debug|Any CPU
		{193986B9-4510-49A2-97E8-A42058D0D466}.Debug|Any CPU.Build.0 = Debug|Any CPU
		{193986B9-4510-49A2-97E8-A42058D0D466}.Debug|Mixed Platforms.ActiveCfg = Debug|Any CPU
		{193986B9-4510-49A2-97E8-A42058D0D466}.Debug|Mixed Platforms.Build.0 = Debug|Any CPU
		{193986B9-4510-49A2-97E8-A42058D0D466}.Debug|x86.ActiveCfg = Debug|Any CPU
		{193986B9-4510-49A2-97E8-A42058D0D466}.Debug|x86.Build.0 = Debug|Any CPU
		{193986B9-4510-49A2-97E8-A42058D0D466}.Release|Any CPU.ActiveCfg = Release|Any CPU
		{193986B9-4510-49A2-97E8-A42058D0D466}.Release|Any CPU.Build.0 = Release|Any CPU
		{193986B9-4510-49A2-97E8-A42058D0D466}.Release|Mixed Platforms.ActiveCfg = Release|Any CPU
		{193986B9-4510-49A2-97E8-A42058D0D466}.Release|Mixed Platforms.Build.0 = Release|Any CPU
		{193986B9-4510-49A2-97E8-A42058D0D466}.Release|x86.ActiveCfg = Release|Any CPU
		{193986B9-4510-49A2-97E8-A42058D0D466}.Release|x86.Build.0 = Release|Any CPU
		{EC955942-B3B1-48DD-A75B-1D8B7664F390}.Debug|Any CPU.ActiveCfg = Debug|Any CPU
		{EC955942-B3B1-48DD-A75B-1D8B7664F390}.Debug|Any CPU.Build.0 = Debug|Any CPU
		{EC955942-B3B1-48DD-A75B-1D8B7664F390}.Debug|Mixed Platforms.ActiveCfg = Debug|Any CPU
		{EC955942-B3B1-48DD-A75B-1D8B7664F390}.Debug|Mixed Platforms.Build.0 = Debug|Any CPU
		{EC955942-B3B1-48DD-A75B-1D8B7664F390}.Debug|x86.ActiveCfg = Debug|Any CPU
		{EC955942-B3B1-48DD-A75B-1D8B7664F390}.Debug|x86.Build.0 = Debug|Any CPU
		{EC955942-B3B1-48DD-A75B-1D8B7664F390}.Release|Any CPU.ActiveCfg = Release|Any CPU
		{EC955942-B3B1-48DD-A75B-1D8B7664F390}.Release|Any CPU.Build.0 = Release|Any CPU
		{EC955942-B3B1-48DD-A75B-1D8B7664F390}.Release|Mixed Platforms.ActiveCfg = Release|Any CPU
		{EC955942-B3B1-48DD-A75B-1D8B7664F390}.Release|Mixed Platforms.Build.0 = Release|Any CPU
		{EC955942-B3B1-48DD-A75B-1D8B7664F390}.Release|x86.ActiveCfg = Release|Any CPU
		{EC955942-B3B1-48DD-A75B-1D8B7664F390}.Release|x86.Build.0 = Release|Any CPU
		{60FA1914-BA23-47FA-A823-684BD0BD628F}.Debug|Any CPU.ActiveCfg = Debug|Any CPU
		{60FA1914-BA23-47FA-A823-684BD0BD628F}.Debug|Any CPU.Build.0 = Debug|Any CPU
		{60FA1914-BA23-47FA-A823-684BD0BD628F}.Debug|Mixed Platforms.ActiveCfg = Debug|Any CPU
		{60FA1914-BA23-47FA-A823-684BD0BD628F}.Debug|Mixed Platforms.Build.0 = Debug|Any CPU
		{60FA1914-BA23-47FA-A823-684BD0BD628F}.Debug|x86.ActiveCfg = Debug|Any CPU
		{60FA1914-BA23-47FA-A823-684BD0BD628F}.Debug|x86.Build.0 = Debug|Any CPU
		{60FA1914-BA23-47FA-A823-684BD0BD628F}.Release|Any CPU.ActiveCfg = Release|Any CPU
		{60FA1914-BA23-47FA-A823-684BD0BD628F}.Release|Any CPU.Build.0 = Release|Any CPU
		{60FA1914-BA23-47FA-A823-684BD0BD628F}.Release|Mixed Platforms.ActiveCfg = Release|Any CPU
		{60FA1914-BA23-47FA-A823-684BD0BD628F}.Release|Mixed Platforms.Build.0 = Release|Any CPU
		{60FA1914-BA23-47FA-A823-684BD0BD628F}.Release|x86.ActiveCfg = Release|Any CPU
		{60FA1914-BA23-47FA-A823-684BD0BD628F}.Release|x86.Build.0 = Release|Any CPU
		{FF92A485-20AD-4A3F-AD40-7167FE5551B0}.Debug|Any CPU.ActiveCfg = Debug|Any CPU
		{FF92A485-20AD-4A3F-AD40-7167FE5551B0}.Debug|Any CPU.Build.0 = Debug|Any CPU
		{FF92A485-20AD-4A3F-AD40-7167FE5551B0}.Debug|Mixed Platforms.ActiveCfg = Debug|Any CPU
		{FF92A485-20AD-4A3F-AD40-7167FE5551B0}.Debug|Mixed Platforms.Build.0 = Debug|Any CPU
		{FF92A485-20AD-4A3F-AD40-7167FE5551B0}.Debug|x86.ActiveCfg = Debug|Any CPU
		{FF92A485-20AD-4A3F-AD40-7167FE5551B0}.Debug|x86.Build.0 = Debug|Any CPU
		{FF92A485-20AD-4A3F-AD40-7167FE5551B0}.Release|Any CPU.ActiveCfg = Release|Any CPU
		{FF92A485-20AD-4A3F-AD40-7167FE5551B0}.Release|Any CPU.Build.0 = Release|Any CPU
		{FF92A485-20AD-4A3F-AD40-7167FE5551B0}.Release|Mixed Platforms.ActiveCfg = Release|Any CPU
		{FF92A485-20AD-4A3F-AD40-7167FE5551B0}.Release|Mixed Platforms.Build.0 = Release|Any CPU
		{FF92A485-20AD-4A3F-AD40-7167FE5551B0}.Release|x86.ActiveCfg = Release|Any CPU
		{FF92A485-20AD-4A3F-AD40-7167FE5551B0}.Release|x86.Build.0 = Release|Any CPU
		{EEA53790-7A3B-4513-BB7E-8518A2B966EF}.Debug|Any CPU.ActiveCfg = Debug|Any CPU
		{EEA53790-7A3B-4513-BB7E-8518A2B966EF}.Debug|Any CPU.Build.0 = Debug|Any CPU
		{EEA53790-7A3B-4513-BB7E-8518A2B966EF}.Debug|Mixed Platforms.ActiveCfg = Debug|Mixed Platforms
		{EEA53790-7A3B-4513-BB7E-8518A2B966EF}.Debug|Mixed Platforms.Build.0 = Debug|Mixed Platforms
		{EEA53790-7A3B-4513-BB7E-8518A2B966EF}.Debug|x86.ActiveCfg = Debug|x86
		{EEA53790-7A3B-4513-BB7E-8518A2B966EF}.Debug|x86.Build.0 = Debug|x86
		{EEA53790-7A3B-4513-BB7E-8518A2B966EF}.Release|Any CPU.ActiveCfg = Release|Any CPU
		{EEA53790-7A3B-4513-BB7E-8518A2B966EF}.Release|Any CPU.Build.0 = Release|Any CPU
		{EEA53790-7A3B-4513-BB7E-8518A2B966EF}.Release|Mixed Platforms.ActiveCfg = Release|Mixed Platforms
		{EEA53790-7A3B-4513-BB7E-8518A2B966EF}.Release|Mixed Platforms.Build.0 = Release|Mixed Platforms
		{EEA53790-7A3B-4513-BB7E-8518A2B966EF}.Release|x86.ActiveCfg = Release|x86
		{EEA53790-7A3B-4513-BB7E-8518A2B966EF}.Release|x86.Build.0 = Release|x86
		{5E907F88-8998-4773-AB69-00A5191C0093}.Debug|Any CPU.ActiveCfg = Debug|x86
		{5E907F88-8998-4773-AB69-00A5191C0093}.Debug|Any CPU.Build.0 = Debug|x86
		{5E907F88-8998-4773-AB69-00A5191C0093}.Debug|Mixed Platforms.ActiveCfg = Debug|x86
		{5E907F88-8998-4773-AB69-00A5191C0093}.Debug|Mixed Platforms.Build.0 = Debug|x86
		{5E907F88-8998-4773-AB69-00A5191C0093}.Debug|x86.ActiveCfg = Debug|x86
		{5E907F88-8998-4773-AB69-00A5191C0093}.Debug|x86.Build.0 = Debug|x86
		{5E907F88-8998-4773-AB69-00A5191C0093}.Release|Any CPU.ActiveCfg = Release|x86
		{5E907F88-8998-4773-AB69-00A5191C0093}.Release|Any CPU.Build.0 = Release|x86
		{5E907F88-8998-4773-AB69-00A5191C0093}.Release|Mixed Platforms.ActiveCfg = Release|x86
		{5E907F88-8998-4773-AB69-00A5191C0093}.Release|Mixed Platforms.Build.0 = Release|x86
		{5E907F88-8998-4773-AB69-00A5191C0093}.Release|x86.ActiveCfg = Release|x86
		{5E907F88-8998-4773-AB69-00A5191C0093}.Release|x86.Build.0 = Release|x86
		{3E10427F-35F4-4D6A-995E-38D08F0C1C4A}.Debug|Any CPU.ActiveCfg = Debug|x86
		{3E10427F-35F4-4D6A-995E-38D08F0C1C4A}.Debug|Mixed Platforms.ActiveCfg = Debug|x86
		{3E10427F-35F4-4D6A-995E-38D08F0C1C4A}.Debug|Mixed Platforms.Build.0 = Debug|x86
		{3E10427F-35F4-4D6A-995E-38D08F0C1C4A}.Debug|x86.ActiveCfg = Debug|x86
		{3E10427F-35F4-4D6A-995E-38D08F0C1C4A}.Debug|x86.Build.0 = Debug|x86
		{3E10427F-35F4-4D6A-995E-38D08F0C1C4A}.Release|Any CPU.ActiveCfg = Release|x86
		{3E10427F-35F4-4D6A-995E-38D08F0C1C4A}.Release|Mixed Platforms.ActiveCfg = Release|x86
		{3E10427F-35F4-4D6A-995E-38D08F0C1C4A}.Release|Mixed Platforms.Build.0 = Release|x86
		{3E10427F-35F4-4D6A-995E-38D08F0C1C4A}.Release|x86.ActiveCfg = Release|x86
		{3E10427F-35F4-4D6A-995E-38D08F0C1C4A}.Release|x86.Build.0 = Release|x86
		{D9938532-51B1-4345-8053-4943A0D462B3}.Debug|Any CPU.ActiveCfg = Debug|Any CPU
		{D9938532-51B1-4345-8053-4943A0D462B3}.Debug|Any CPU.Build.0 = Debug|Any CPU
		{D9938532-51B1-4345-8053-4943A0D462B3}.Debug|Mixed Platforms.ActiveCfg = Debug|Any CPU
		{D9938532-51B1-4345-8053-4943A0D462B3}.Debug|Mixed Platforms.Build.0 = Debug|Any CPU
		{D9938532-51B1-4345-8053-4943A0D462B3}.Debug|x86.ActiveCfg = Debug|Any CPU
		{D9938532-51B1-4345-8053-4943A0D462B3}.Debug|x86.Build.0 = Debug|Any CPU
		{D9938532-51B1-4345-8053-4943A0D462B3}.Release|Any CPU.ActiveCfg = Release|Any CPU
		{D9938532-51B1-4345-8053-4943A0D462B3}.Release|Any CPU.Build.0 = Release|Any CPU
		{D9938532-51B1-4345-8053-4943A0D462B3}.Release|Mixed Platforms.ActiveCfg = Release|Any CPU
		{D9938532-51B1-4345-8053-4943A0D462B3}.Release|Mixed Platforms.Build.0 = Release|Any CPU
		{D9938532-51B1-4345-8053-4943A0D462B3}.Release|x86.ActiveCfg = Release|Any CPU
		{D9938532-51B1-4345-8053-4943A0D462B3}.Release|x86.Build.0 = Release|Any CPU
		{761ED029-B6E1-4639-9CBE-CAB8B1DBD71A}.Debug|Any CPU.ActiveCfg = Debug|Any CPU
		{761ED029-B6E1-4639-9CBE-CAB8B1DBD71A}.Debug|Any CPU.Build.0 = Debug|Any CPU
		{761ED029-B6E1-4639-9CBE-CAB8B1DBD71A}.Debug|Mixed Platforms.ActiveCfg = Debug|Any CPU
		{761ED029-B6E1-4639-9CBE-CAB8B1DBD71A}.Debug|Mixed Platforms.Build.0 = Debug|Any CPU
		{761ED029-B6E1-4639-9CBE-CAB8B1DBD71A}.Debug|x86.ActiveCfg = Debug|Any CPU
		{761ED029-B6E1-4639-9CBE-CAB8B1DBD71A}.Debug|x86.Build.0 = Debug|Any CPU
		{761ED029-B6E1-4639-9CBE-CAB8B1DBD71A}.Release|Any CPU.ActiveCfg = Release|Any CPU
		{761ED029-B6E1-4639-9CBE-CAB8B1DBD71A}.Release|Any CPU.Build.0 = Release|Any CPU
		{761ED029-B6E1-4639-9CBE-CAB8B1DBD71A}.Release|Mixed Platforms.ActiveCfg = Release|Any CPU
		{761ED029-B6E1-4639-9CBE-CAB8B1DBD71A}.Release|Mixed Platforms.Build.0 = Release|Any CPU
		{761ED029-B6E1-4639-9CBE-CAB8B1DBD71A}.Release|x86.ActiveCfg = Release|Any CPU
		{761ED029-B6E1-4639-9CBE-CAB8B1DBD71A}.Release|x86.Build.0 = Release|Any CPU
		{D02FAF83-D503-415F-8839-DA441856B67B}.Debug|Any CPU.ActiveCfg = Debug|x86
		{D02FAF83-D503-415F-8839-DA441856B67B}.Debug|Mixed Platforms.ActiveCfg = Debug|x86
		{D02FAF83-D503-415F-8839-DA441856B67B}.Debug|Mixed Platforms.Build.0 = Debug|x86
		{D02FAF83-D503-415F-8839-DA441856B67B}.Debug|x86.ActiveCfg = Debug|x86
		{D02FAF83-D503-415F-8839-DA441856B67B}.Debug|x86.Build.0 = Debug|x86
		{D02FAF83-D503-415F-8839-DA441856B67B}.Release|Any CPU.ActiveCfg = Release|x86
		{D02FAF83-D503-415F-8839-DA441856B67B}.Release|Mixed Platforms.ActiveCfg = Release|x86
		{D02FAF83-D503-415F-8839-DA441856B67B}.Release|Mixed Platforms.Build.0 = Release|x86
		{D02FAF83-D503-415F-8839-DA441856B67B}.Release|x86.ActiveCfg = Release|x86
		{D02FAF83-D503-415F-8839-DA441856B67B}.Release|x86.Build.0 = Release|x86
		{E6035359-982B-4104-989C-5BEBC150B0FD}.Debug|Any CPU.ActiveCfg = Debug|Any CPU
		{E6035359-982B-4104-989C-5BEBC150B0FD}.Debug|Any CPU.Build.0 = Debug|Any CPU
		{E6035359-982B-4104-989C-5BEBC150B0FD}.Debug|Mixed Platforms.ActiveCfg = Debug|Any CPU
		{E6035359-982B-4104-989C-5BEBC150B0FD}.Debug|Mixed Platforms.Build.0 = Debug|Any CPU
		{E6035359-982B-4104-989C-5BEBC150B0FD}.Debug|x86.ActiveCfg = Debug|Any CPU
		{E6035359-982B-4104-989C-5BEBC150B0FD}.Debug|x86.Build.0 = Debug|Any CPU
		{E6035359-982B-4104-989C-5BEBC150B0FD}.Release|Any CPU.ActiveCfg = Release|Any CPU
		{E6035359-982B-4104-989C-5BEBC150B0FD}.Release|Any CPU.Build.0 = Release|Any CPU
		{E6035359-982B-4104-989C-5BEBC150B0FD}.Release|Mixed Platforms.ActiveCfg = Release|Any CPU
		{E6035359-982B-4104-989C-5BEBC150B0FD}.Release|Mixed Platforms.Build.0 = Release|Any CPU
		{E6035359-982B-4104-989C-5BEBC150B0FD}.Release|x86.ActiveCfg = Release|Any CPU
		{E6035359-982B-4104-989C-5BEBC150B0FD}.Release|x86.Build.0 = Release|Any CPU
		{9181C1ED-9F9C-467A-A6A2-5A6687B369AE}.Debug|Any CPU.ActiveCfg = Debug|x86
		{9181C1ED-9F9C-467A-A6A2-5A6687B369AE}.Debug|Mixed Platforms.ActiveCfg = Debug|x86
		{9181C1ED-9F9C-467A-A6A2-5A6687B369AE}.Debug|Mixed Platforms.Build.0 = Debug|x86
		{9181C1ED-9F9C-467A-A6A2-5A6687B369AE}.Debug|x86.ActiveCfg = Debug|x86
		{9181C1ED-9F9C-467A-A6A2-5A6687B369AE}.Debug|x86.Build.0 = Debug|x86
		{9181C1ED-9F9C-467A-A6A2-5A6687B369AE}.Release|Any CPU.ActiveCfg = Release|x86
		{9181C1ED-9F9C-467A-A6A2-5A6687B369AE}.Release|Mixed Platforms.ActiveCfg = Release|x86
		{9181C1ED-9F9C-467A-A6A2-5A6687B369AE}.Release|Mixed Platforms.Build.0 = Release|x86
		{9181C1ED-9F9C-467A-A6A2-5A6687B369AE}.Release|x86.ActiveCfg = Release|x86
		{9181C1ED-9F9C-467A-A6A2-5A6687B369AE}.Release|x86.Build.0 = Release|x86
		{D4F9F453-6A57-49D8-9C43-6A0405E8FD9E}.Debug|Any CPU.ActiveCfg = Debug|Any CPU
		{D4F9F453-6A57-49D8-9C43-6A0405E8FD9E}.Debug|Any CPU.Build.0 = Debug|Any CPU
		{D4F9F453-6A57-49D8-9C43-6A0405E8FD9E}.Debug|Mixed Platforms.ActiveCfg = Debug|Any CPU
		{D4F9F453-6A57-49D8-9C43-6A0405E8FD9E}.Debug|Mixed Platforms.Build.0 = Debug|Any CPU
		{D4F9F453-6A57-49D8-9C43-6A0405E8FD9E}.Debug|x86.ActiveCfg = Debug|Any CPU
		{D4F9F453-6A57-49D8-9C43-6A0405E8FD9E}.Debug|x86.Build.0 = Debug|Any CPU
		{D4F9F453-6A57-49D8-9C43-6A0405E8FD9E}.Release|Any CPU.ActiveCfg = Release|Any CPU
		{D4F9F453-6A57-49D8-9C43-6A0405E8FD9E}.Release|Any CPU.Build.0 = Release|Any CPU
		{D4F9F453-6A57-49D8-9C43-6A0405E8FD9E}.Release|Mixed Platforms.ActiveCfg = Release|Any CPU
		{D4F9F453-6A57-49D8-9C43-6A0405E8FD9E}.Release|Mixed Platforms.Build.0 = Release|Any CPU
		{D4F9F453-6A57-49D8-9C43-6A0405E8FD9E}.Release|x86.ActiveCfg = Release|Any CPU
		{EC13B7A2-459F-4FB1-B5EC-B83A5FF43F3A}.Debug|Any CPU.ActiveCfg = Debug|x86
		{EC13B7A2-459F-4FB1-B5EC-B83A5FF43F3A}.Debug|Any CPU.Build.0 = Debug|x86
		{EC13B7A2-459F-4FB1-B5EC-B83A5FF43F3A}.Debug|Mixed Platforms.ActiveCfg = Debug|x86
		{EC13B7A2-459F-4FB1-B5EC-B83A5FF43F3A}.Debug|Mixed Platforms.Build.0 = Debug|x86
		{EC13B7A2-459F-4FB1-B5EC-B83A5FF43F3A}.Debug|x86.ActiveCfg = Debug|x86
		{EC13B7A2-459F-4FB1-B5EC-B83A5FF43F3A}.Debug|x86.Build.0 = Debug|x86
		{EC13B7A2-459F-4FB1-B5EC-B83A5FF43F3A}.Release|Any CPU.ActiveCfg = Release|x86
		{EC13B7A2-459F-4FB1-B5EC-B83A5FF43F3A}.Release|Any CPU.Build.0 = Release|x86
		{EC13B7A2-459F-4FB1-B5EC-B83A5FF43F3A}.Release|Mixed Platforms.ActiveCfg = Release|x86
		{EC13B7A2-459F-4FB1-B5EC-B83A5FF43F3A}.Release|Mixed Platforms.Build.0 = Release|x86
		{EC13B7A2-459F-4FB1-B5EC-B83A5FF43F3A}.Release|x86.ActiveCfg = Release|x86
		{EC13B7A2-459F-4FB1-B5EC-B83A5FF43F3A}.Release|x86.Build.0 = Release|x86
		{CF8EB158-6F16-4B53-AAF9-65DE305ECD99}.Debug|Any CPU.ActiveCfg = Debug|x86
		{CF8EB158-6F16-4B53-AAF9-65DE305ECD99}.Debug|Any CPU.Build.0 = Debug|x86
		{CF8EB158-6F16-4B53-AAF9-65DE305ECD99}.Debug|Mixed Platforms.ActiveCfg = Debug|x86
		{CF8EB158-6F16-4B53-AAF9-65DE305ECD99}.Debug|Mixed Platforms.Build.0 = Debug|x86
		{CF8EB158-6F16-4B53-AAF9-65DE305ECD99}.Debug|x86.ActiveCfg = Debug|x86
		{CF8EB158-6F16-4B53-AAF9-65DE305ECD99}.Debug|x86.Build.0 = Debug|x86
		{CF8EB158-6F16-4B53-AAF9-65DE305ECD99}.Release|Any CPU.ActiveCfg = Release|x86
		{CF8EB158-6F16-4B53-AAF9-65DE305ECD99}.Release|Mixed Platforms.ActiveCfg = Release|x86
		{CF8EB158-6F16-4B53-AAF9-65DE305ECD99}.Release|Mixed Platforms.Build.0 = Release|x86
		{CF8EB158-6F16-4B53-AAF9-65DE305ECD99}.Release|x86.ActiveCfg = Release|x86
		{CF8EB158-6F16-4B53-AAF9-65DE305ECD99}.Release|x86.Build.0 = Release|x86
		{812DEA12-0C48-445F-867A-FEA9FD9B49F0}.Debug|Any CPU.ActiveCfg = Debug|Any CPU
		{812DEA12-0C48-445F-867A-FEA9FD9B49F0}.Debug|Any CPU.Build.0 = Debug|Any CPU
		{812DEA12-0C48-445F-867A-FEA9FD9B49F0}.Debug|Mixed Platforms.ActiveCfg = Debug|Any CPU
		{812DEA12-0C48-445F-867A-FEA9FD9B49F0}.Debug|Mixed Platforms.Build.0 = Debug|Any CPU
		{812DEA12-0C48-445F-867A-FEA9FD9B49F0}.Debug|x86.ActiveCfg = Debug|Any CPU
		{812DEA12-0C48-445F-867A-FEA9FD9B49F0}.Debug|x86.Build.0 = Debug|Any CPU
		{812DEA12-0C48-445F-867A-FEA9FD9B49F0}.Release|Any CPU.ActiveCfg = Release|Any CPU
		{812DEA12-0C48-445F-867A-FEA9FD9B49F0}.Release|Any CPU.Build.0 = Release|Any CPU
		{812DEA12-0C48-445F-867A-FEA9FD9B49F0}.Release|Mixed Platforms.ActiveCfg = Release|Any CPU
		{812DEA12-0C48-445F-867A-FEA9FD9B49F0}.Release|Mixed Platforms.Build.0 = Release|Any CPU
		{812DEA12-0C48-445F-867A-FEA9FD9B49F0}.Release|x86.ActiveCfg = Release|Any CPU
		{812DEA12-0C48-445F-867A-FEA9FD9B49F0}.Release|x86.Build.0 = Release|Any CPU
		{3A524BC4-3208-4B32-85ED-9B3D44B14012}.Debug|Any CPU.ActiveCfg = Debug|Any CPU
		{3A524BC4-3208-4B32-85ED-9B3D44B14012}.Debug|Any CPU.Build.0 = Debug|Any CPU
		{3A524BC4-3208-4B32-85ED-9B3D44B14012}.Debug|Mixed Platforms.ActiveCfg = Debug|Any CPU
		{3A524BC4-3208-4B32-85ED-9B3D44B14012}.Debug|Mixed Platforms.Build.0 = Debug|Any CPU
		{3A524BC4-3208-4B32-85ED-9B3D44B14012}.Debug|x86.ActiveCfg = Debug|Any CPU
		{3A524BC4-3208-4B32-85ED-9B3D44B14012}.Debug|x86.Build.0 = Debug|Any CPU
		{3A524BC4-3208-4B32-85ED-9B3D44B14012}.Release|Any CPU.ActiveCfg = Release|Any CPU
		{3A524BC4-3208-4B32-85ED-9B3D44B14012}.Release|Any CPU.Build.0 = Release|Any CPU
		{3A524BC4-3208-4B32-85ED-9B3D44B14012}.Release|Mixed Platforms.ActiveCfg = Release|Any CPU
		{3A524BC4-3208-4B32-85ED-9B3D44B14012}.Release|Mixed Platforms.Build.0 = Release|Any CPU
		{3A524BC4-3208-4B32-85ED-9B3D44B14012}.Release|x86.ActiveCfg = Release|Any CPU
		{3A524BC4-3208-4B32-85ED-9B3D44B14012}.Release|x86.Build.0 = Release|Any CPU
		{949E75D0-5383-4FD2-BA82-572FDC47AF9F}.Debug|Any CPU.ActiveCfg = Debug|Any CPU
		{949E75D0-5383-4FD2-BA82-572FDC47AF9F}.Debug|Any CPU.Build.0 = Debug|Any CPU
		{949E75D0-5383-4FD2-BA82-572FDC47AF9F}.Debug|Mixed Platforms.ActiveCfg = Debug|Any CPU
		{949E75D0-5383-4FD2-BA82-572FDC47AF9F}.Debug|Mixed Platforms.Build.0 = Debug|Any CPU
		{949E75D0-5383-4FD2-BA82-572FDC47AF9F}.Debug|x86.ActiveCfg = Debug|Any CPU
		{949E75D0-5383-4FD2-BA82-572FDC47AF9F}.Debug|x86.Build.0 = Debug|Any CPU
		{949E75D0-5383-4FD2-BA82-572FDC47AF9F}.Release|Any CPU.ActiveCfg = Release|Any CPU
		{949E75D0-5383-4FD2-BA82-572FDC47AF9F}.Release|Any CPU.Build.0 = Release|Any CPU
		{949E75D0-5383-4FD2-BA82-572FDC47AF9F}.Release|Mixed Platforms.ActiveCfg = Release|Any CPU
		{949E75D0-5383-4FD2-BA82-572FDC47AF9F}.Release|Mixed Platforms.Build.0 = Release|Any CPU
		{949E75D0-5383-4FD2-BA82-572FDC47AF9F}.Release|x86.ActiveCfg = Release|Any CPU
		{949E75D0-5383-4FD2-BA82-572FDC47AF9F}.Release|x86.Build.0 = Release|Any CPU
		{B711A6C8-F9B7-47D2-A1A4-1E981C220DC1}.Debug|Any CPU.ActiveCfg = Debug|Any CPU
		{B711A6C8-F9B7-47D2-A1A4-1E981C220DC1}.Debug|Any CPU.Build.0 = Debug|Any CPU
		{B711A6C8-F9B7-47D2-A1A4-1E981C220DC1}.Debug|Mixed Platforms.ActiveCfg = Debug|Any CPU
		{B711A6C8-F9B7-47D2-A1A4-1E981C220DC1}.Debug|Mixed Platforms.Build.0 = Debug|Any CPU
		{B711A6C8-F9B7-47D2-A1A4-1E981C220DC1}.Debug|x86.ActiveCfg = Debug|Any CPU
		{B711A6C8-F9B7-47D2-A1A4-1E981C220DC1}.Debug|x86.Build.0 = Debug|Any CPU
		{B711A6C8-F9B7-47D2-A1A4-1E981C220DC1}.Release|Any CPU.ActiveCfg = Release|Any CPU
		{B711A6C8-F9B7-47D2-A1A4-1E981C220DC1}.Release|Any CPU.Build.0 = Release|Any CPU
		{B711A6C8-F9B7-47D2-A1A4-1E981C220DC1}.Release|Mixed Platforms.ActiveCfg = Release|Any CPU
		{B711A6C8-F9B7-47D2-A1A4-1E981C220DC1}.Release|Mixed Platforms.Build.0 = Release|Any CPU
		{B711A6C8-F9B7-47D2-A1A4-1E981C220DC1}.Release|x86.ActiveCfg = Release|Any CPU
		{B711A6C8-F9B7-47D2-A1A4-1E981C220DC1}.Release|x86.Build.0 = Release|Any CPU
		{8E6A192E-83BE-4B30-A7EB-92DA954163E1}.Debug|Any CPU.ActiveCfg = Debug|Any CPU
		{8E6A192E-83BE-4B30-A7EB-92DA954163E1}.Debug|Any CPU.Build.0 = Debug|Any CPU
		{8E6A192E-83BE-4B30-A7EB-92DA954163E1}.Debug|Mixed Platforms.ActiveCfg = Debug|Any CPU
		{8E6A192E-83BE-4B30-A7EB-92DA954163E1}.Debug|Mixed Platforms.Build.0 = Debug|Any CPU
		{8E6A192E-83BE-4B30-A7EB-92DA954163E1}.Debug|x86.ActiveCfg = Debug|Any CPU
		{8E6A192E-83BE-4B30-A7EB-92DA954163E1}.Debug|x86.Build.0 = Debug|Any CPU
		{8E6A192E-83BE-4B30-A7EB-92DA954163E1}.Release|Any CPU.ActiveCfg = Release|Any CPU
		{8E6A192E-83BE-4B30-A7EB-92DA954163E1}.Release|Any CPU.Build.0 = Release|Any CPU
		{8E6A192E-83BE-4B30-A7EB-92DA954163E1}.Release|Mixed Platforms.ActiveCfg = Release|Any CPU
		{8E6A192E-83BE-4B30-A7EB-92DA954163E1}.Release|Mixed Platforms.Build.0 = Release|Any CPU
		{8E6A192E-83BE-4B30-A7EB-92DA954163E1}.Release|x86.ActiveCfg = Release|Any CPU
		{8E6A192E-83BE-4B30-A7EB-92DA954163E1}.Release|x86.Build.0 = Release|Any CPU
		{17390361-4C0A-4FCF-9965-ECC0952E2A5C}.Debug|Any CPU.ActiveCfg = Debug|Any CPU
		{17390361-4C0A-4FCF-9965-ECC0952E2A5C}.Debug|Any CPU.Build.0 = Debug|Any CPU
		{17390361-4C0A-4FCF-9965-ECC0952E2A5C}.Debug|Mixed Platforms.ActiveCfg = Debug|Any CPU
		{17390361-4C0A-4FCF-9965-ECC0952E2A5C}.Debug|Mixed Platforms.Build.0 = Debug|Any CPU
		{17390361-4C0A-4FCF-9965-ECC0952E2A5C}.Debug|x86.ActiveCfg = Debug|Any CPU
		{17390361-4C0A-4FCF-9965-ECC0952E2A5C}.Debug|x86.Build.0 = Debug|Any CPU
		{17390361-4C0A-4FCF-9965-ECC0952E2A5C}.Release|Any CPU.ActiveCfg = Release|Any CPU
		{17390361-4C0A-4FCF-9965-ECC0952E2A5C}.Release|Any CPU.Build.0 = Release|Any CPU
		{17390361-4C0A-4FCF-9965-ECC0952E2A5C}.Release|Mixed Platforms.ActiveCfg = Release|Any CPU
		{17390361-4C0A-4FCF-9965-ECC0952E2A5C}.Release|Mixed Platforms.Build.0 = Release|Any CPU
		{17390361-4C0A-4FCF-9965-ECC0952E2A5C}.Release|x86.ActiveCfg = Release|Any CPU
		{17390361-4C0A-4FCF-9965-ECC0952E2A5C}.Release|x86.Build.0 = Release|Any CPU
	EndGlobalSection
	GlobalSection(SolutionProperties) = preSolution
		HideSolutionNode = FALSE
	EndGlobalSection
	GlobalSection(NestedProjects) = preSolution
		{FA7AA868-3F7F-44D4-97FD-477BE370E494} = {748B6139-CE06-42B4-A72B-AFBB2D7CD3D2}
		{B5EB02DF-708B-4EC2-9189-B260B8A4F74E} = {748B6139-CE06-42B4-A72B-AFBB2D7CD3D2}
		{40B02429-5E40-4E21-8042-5DAC4D829192} = {748B6139-CE06-42B4-A72B-AFBB2D7CD3D2}
		{5104A892-1FC8-4BDE-B923-89B610C2DF06} = {748B6139-CE06-42B4-A72B-AFBB2D7CD3D2}
		{CE6AD502-C1CA-43E5-B86A-DC6CC409D106} = {748B6139-CE06-42B4-A72B-AFBB2D7CD3D2}
		{BE69A333-BDF6-4BFE-9C3E-8F96495AA35D} = {748B6139-CE06-42B4-A72B-AFBB2D7CD3D2}
		{BFB31CC8-0B15-4A0D-A8D2-4896248FD988} = {748B6139-CE06-42B4-A72B-AFBB2D7CD3D2}
		{9B85B1D2-9970-4714-A9E8-C4681335FFA8} = {748B6139-CE06-42B4-A72B-AFBB2D7CD3D2}
		{6761CE7E-6E63-4318-B622-5ED1F39EE3A1} = {748B6139-CE06-42B4-A72B-AFBB2D7CD3D2}
		{832A7974-5352-4D94-A41A-E8651DC552C8} = {748B6139-CE06-42B4-A72B-AFBB2D7CD3D2}
		{012EB085-D36F-4E49-B943-BA9BCF41F15E} = {748B6139-CE06-42B4-A72B-AFBB2D7CD3D2}
		{CB0EE78A-FE8C-42E1-8072-F65DF9FD07CF} = {748B6139-CE06-42B4-A72B-AFBB2D7CD3D2}
		{35C5E72A-7289-4A06-94BA-DA422513DFF3} = {748B6139-CE06-42B4-A72B-AFBB2D7CD3D2}
		{2FB592FF-912B-4246-9182-1BB96B4659AE} = {748B6139-CE06-42B4-A72B-AFBB2D7CD3D2}
		{B8C00ADA-96C0-4D47-B6D8-28924B322D37} = {748B6139-CE06-42B4-A72B-AFBB2D7CD3D2}
		{9E748432-2BEA-43B6-BE15-B179922559D5} = {748B6139-CE06-42B4-A72B-AFBB2D7CD3D2}
		{F334F377-D604-48CE-8F06-A9CFED86AC16} = {748B6139-CE06-42B4-A72B-AFBB2D7CD3D2}
		{938859F8-DE6C-4ADA-9A33-1EDC9E84652A} = {748B6139-CE06-42B4-A72B-AFBB2D7CD3D2}
		{193986B9-4510-49A2-97E8-A42058D0D466} = {748B6139-CE06-42B4-A72B-AFBB2D7CD3D2}
		{EC955942-B3B1-48DD-A75B-1D8B7664F390} = {748B6139-CE06-42B4-A72B-AFBB2D7CD3D2}
		{60FA1914-BA23-47FA-A823-684BD0BD628F} = {748B6139-CE06-42B4-A72B-AFBB2D7CD3D2}
		{FF92A485-20AD-4A3F-AD40-7167FE5551B0} = {748B6139-CE06-42B4-A72B-AFBB2D7CD3D2}
		{EEA53790-7A3B-4513-BB7E-8518A2B966EF} = {78156653-36A7-4BE7-A5F5-DF45E450074F}
		{5E907F88-8998-4773-AB69-00A5191C0093} = {78156653-36A7-4BE7-A5F5-DF45E450074F}
		{3E10427F-35F4-4D6A-995E-38D08F0C1C4A} = {346D3311-A956-498F-9A14-4621F8F96EAD}
		{D9938532-51B1-4345-8053-4943A0D462B3} = {346D3311-A956-498F-9A14-4621F8F96EAD}
		{761ED029-B6E1-4639-9CBE-CAB8B1DBD71A} = {346D3311-A956-498F-9A14-4621F8F96EAD}
		{D02FAF83-D503-415F-8839-DA441856B67B} = {346D3311-A956-498F-9A14-4621F8F96EAD}
		{E6035359-982B-4104-989C-5BEBC150B0FD} = {346D3311-A956-498F-9A14-4621F8F96EAD}
		{9181C1ED-9F9C-467A-A6A2-5A6687B369AE} = {346D3311-A956-498F-9A14-4621F8F96EAD}
		{949E75D0-5383-4FD2-BA82-572FDC47AF9F} = {748B6139-CE06-42B4-A72B-AFBB2D7CD3D2}
		{B711A6C8-F9B7-47D2-A1A4-1E981C220DC1} = {748B6139-CE06-42B4-A72B-AFBB2D7CD3D2}
		{17390361-4C0A-4FCF-9965-ECC0952E2A5C} = {78156653-36A7-4BE7-A5F5-DF45E450074F}
	EndGlobalSection
	GlobalSection(TestCaseManagementSettings) = postSolution
		CategoryFile = FGSMS.NETAgent1.vsmdi
	EndGlobalSection
EndGlobal
